
Microsoft Visual Studio Solution File, Format Version 12.00
# Visual Studio 15
VisualStudioVersion = 15.0.26730.16
MinimumVisualStudioVersion = 10.0.40219.1
Project("{FAE04EC0-301F-11D3-BF4B-00C04F79EFBC}") = "ServerLibrary", "Server\ServerLibrary.csproj", "{3C4808E2-457C-43D1-8DEE-D732513737D9}"
EndProject
Project("{FAE04EC0-301F-11D3-BF4B-00C04F79EFBC}") = "UniSerialPort", "..\UniSerialPort\UniSerialPort.csproj", "{A98B5E88-C666-4B1C-95E9-2CA1C74E7F96}"
EndProject
Project("{FAE04EC0-301F-11D3-BF4B-00C04F79EFBC}") = "ServerWPF", "..\WPF\ServerWPF\ServerWPF.csproj", "{33DFA75E-4028-473E-8B84-98D8D8549A55}"
EndProject
Project("{FAE04EC0-301F-11D3-BF4B-00C04F79EFBC}") = "UnitTestProject1", "..\Unit Test\UnitTestProject1\UnitTestProject1.csproj", "{4BCA8F01-F34C-452C-94E7-E7C97D1A3690}"
EndProject
Global
	GlobalSection(Performance) = preSolution
		HasPerformanceSessions = true
	EndGlobalSection
	GlobalSection(SolutionConfigurationPlatforms) = preSolution
		Debug|Any CPU = Debug|Any CPU
		Release|Any CPU = Release|Any CPU
		Test|Any CPU = Test|Any CPU
	EndGlobalSection
	GlobalSection(ProjectConfigurationPlatforms) = postSolution
		{3C4808E2-457C-43D1-8DEE-D732513737D9}.Debug|Any CPU.ActiveCfg = Debug|Any CPU
		{3C4808E2-457C-43D1-8DEE-D732513737D9}.Debug|Any CPU.Build.0 = Debug|Any CPU
		{3C4808E2-457C-43D1-8DEE-D732513737D9}.Release|Any CPU.ActiveCfg = Release|Any CPU
		{3C4808E2-457C-43D1-8DEE-D732513737D9}.Release|Any CPU.Build.0 = Release|Any CPU
		{3C4808E2-457C-43D1-8DEE-D732513737D9}.Test|Any CPU.ActiveCfg = Release|Any CPU
		{3C4808E2-457C-43D1-8DEE-D732513737D9}.Test|Any CPU.Build.0 = Release|Any CPU
		{A98B5E88-C666-4B1C-95E9-2CA1C74E7F96}.Debug|Any CPU.ActiveCfg = Debug|Any CPU
		{A98B5E88-C666-4B1C-95E9-2CA1C74E7F96}.Debug|Any CPU.Build.0 = Debug|Any CPU
		{A98B5E88-C666-4B1C-95E9-2CA1C74E7F96}.Release|Any CPU.ActiveCfg = Release|Any CPU
		{A98B5E88-C666-4B1C-95E9-2CA1C74E7F96}.Release|Any CPU.Build.0 = Release|Any CPU
		{A98B5E88-C666-4B1C-95E9-2CA1C74E7F96}.Test|Any CPU.ActiveCfg = Release|Any CPU
		{A98B5E88-C666-4B1C-95E9-2CA1C74E7F96}.Test|Any CPU.Build.0 = Release|Any CPU
		{33DFA75E-4028-473E-8B84-98D8D8549A55}.Debug|Any CPU.ActiveCfg = Debug|Any CPU
		{33DFA75E-4028-473E-8B84-98D8D8549A55}.Debug|Any CPU.Build.0 = Debug|Any CPU
		{33DFA75E-4028-473E-8B84-98D8D8549A55}.Release|Any CPU.ActiveCfg = Release|Any CPU
		{33DFA75E-4028-473E-8B84-98D8D8549A55}.Release|Any CPU.Build.0 = Release|Any CPU
		{33DFA75E-4028-473E-8B84-98D8D8549A55}.Test|Any CPU.ActiveCfg = Release|Any CPU
		{33DFA75E-4028-473E-8B84-98D8D8549A55}.Test|Any CPU.Build.0 = Release|Any CPU
		{4BCA8F01-F34C-452C-94E7-E7C97D1A3690}.Debug|Any CPU.ActiveCfg = Debug|Any CPU
		{4BCA8F01-F34C-452C-94E7-E7C97D1A3690}.Debug|Any CPU.Build.0 = Debug|Any CPU
		{4BCA8F01-F34C-452C-94E7-E7C97D1A3690}.Release|Any CPU.ActiveCfg = Release|Any CPU
		{4BCA8F01-F34C-452C-94E7-E7C97D1A3690}.Release|Any CPU.Build.0 = Release|Any CPU
		{4BCA8F01-F34C-452C-94E7-E7C97D1A3690}.Test|Any CPU.ActiveCfg = Release|Any CPU
		{4BCA8F01-F34C-452C-94E7-E7C97D1A3690}.Test|Any CPU.Build.0 = Release|Any CPU
	EndGlobalSection
	GlobalSection(SolutionProperties) = preSolution
		HideSolutionNode = FALSE
	EndGlobalSection
	GlobalSection(ExtensibilityGlobals) = postSolution
		SolutionGuid = {4EBB5E43-79F9-4C16-AF5D-AD1EC880CFC1}
	EndGlobalSection
	GlobalSection(Performance) = preSolution
		HasPerformanceSessions = true
	EndGlobalSection
	GlobalSection(Performance) = preSolution
		HasPerformanceSessions = true
	EndGlobalSection
	GlobalSection(Performance) = preSolution
		HasPerformanceSessions = true
	EndGlobalSection
EndGlobal
